
Microsoft Visual Studio Solution File, Format Version 12.00
# Visual Studio 15
VisualStudioVersion = 15.0.28307.106
MinimumVisualStudioVersion = 10.0.40219.1
Project("{FAE04EC0-301F-11D3-BF4B-00C04F79EFBC}") = "POKEMON GAME", "POKEMON GAME\POKEMON GAME.csproj", "{F67B3389-D18B-4A69-A9F7-56DA6BA00ACD}"
EndProject
Global
	GlobalSection(SolutionConfigurationPlatforms) = preSolution
		Debug|Any CPU = Debug|Any CPU
		Release|Any CPU = Release|Any CPU
	EndGlobalSection
	GlobalSection(ProjectConfigurationPlatforms) = postSolution
		{F67B3389-D18B-4A69-A9F7-56DA6BA00ACD}.Debug|Any CPU.ActiveCfg = Debug|Any CPU
		{F67B3389-D18B-4A69-A9F7-56DA6BA00ACD}.Debug|Any CPU.Build.0 = Debug|Any CPU
		{F67B3389-D18B-4A69-A9F7-56DA6BA00ACD}.Release|Any CPU.ActiveCfg = Release|Any CPU
		{F67B3389-D18B-4A69-A9F7-56DA6BA00ACD}.Release|Any CPU.Build.0 = Release|Any CPU
	EndGlobalSection
	GlobalSection(SolutionProperties) = preSolution
		HideSolutionNode = FALSE
	EndGlobalSection
	GlobalSection(ExtensibilityGlobals) = postSolution
		SolutionGuid = {C9501A51-20F6-40E2-B4F0-4E7319E6B867}
	EndGlobalSection
EndGlobal
